PODS:
  - kyleLib (0.1.0):
    - Masonry
    - MBProgressHUD
    - SDWebImage
  - Masonry (1.1.0)
  - MBProgressHUD (1.2.0)
  - SDWebImage (5.15.0):
    - SDWebImage/Core (= 5.15.0)
  - SDWebImage/Core (5.15.0)

DEPENDENCIES:
  - kyleLib (from `../`)

SPEC REPOS:
  trunk:
    - Masonry
    - MBProgressHUD
    - SDWebImage

EXTERNAL SOURCES:
  kyleLib:
    :path: "../"

SPEC CHECKSUMS:
  kyleLib: 788ea43fd884bd99be04c9f9f8a274ab864af465
  Masonry: 678fab65091a9290e40e2832a55e7ab731aad201
  MBProgressHUD: 3ee5efcc380f6a79a7cc9b363dd669c5e1ae7406
  SDWebImage: 9bec4c5cdd9579e1f57104735ee0c37df274d593

PODFILE CHECKSUM: 410d1e060347424b0fbed88eb5c143089021e4de

COCOAPODS: 1.11.3
